
Microsoft Visual Studio Solution File, Format Version 12.00
# Visual Studio Version 17
VisualStudioVersion = 17.5.002.0
MinimumVisualStudioVersion = 10.0.40219.1
Project("{9A19103F-16F7-4668-BE54-9A1E7A4F7556}") = "Ex4", "Ex4.csproj", "{48DFBC7F-4523-42BD-B876-E70A16CD010B}"
EndProject
Global
	GlobalSection(SolutionConfigurationPlatforms) = preSolution
		Debug|Any CPU = Debug|Any CPU
		Release|Any CPU = Release|Any CPU
	EndGlobalSection
	GlobalSection(ProjectConfigurationPlatforms) = postSolution
		{48DFBC7F-4523-42BD-B876-E70A16CD010B}.Debug|Any CPU.ActiveCfg = Debug|Any CPU
		{48DFBC7F-4523-42BD-B876-E70A16CD010B}.Debug|Any CPU.Build.0 = Debug|Any CPU
		{48DFBC7F-4523-42BD-B876-E70A16CD010B}.Release|Any CPU.ActiveCfg = Release|Any CPU
		{48DFBC7F-4523-42BD-B876-E70A16CD010B}.Release|Any CPU.Build.0 = Release|Any CPU
	EndGlobalSection
	GlobalSection(SolutionProperties) = preSolution
		HideSolutionNode = FALSE
	EndGlobalSection
	GlobalSection(ExtensibilityGlobals) = postSolution
		SolutionGuid = {1734C86D-874D-451B-8F79-DD1572328DAC}
	EndGlobalSection
EndGlobal
